
Microsoft Visual Studio Solution File, Format Version 12.00
# Visual Studio 2012
Project("{FAE04EC0-301F-11D3-BF4B-00C04F79EFBC}") = "TwilloApi", "TwilloApi\TwilloApi.csproj", "{D86FA4E6-AA61-4C8E-8491-20D9553F008D}"
EndProject
Global
	GlobalSection(SolutionConfigurationPlatforms) = preSolution
		Debug|x86 = Debug|x86
		Release|x86 = Release|x86
	EndGlobalSection
	GlobalSection(ProjectConfigurationPlatforms) = postSolution
		{D86FA4E6-AA61-4C8E-8491-20D9553F008D}.Debug|x86.ActiveCfg = Debug|x86
		{D86FA4E6-AA61-4C8E-8491-20D9553F008D}.Debug|x86.Build.0 = Debug|x86
		{D86FA4E6-AA61-4C8E-8491-20D9553F008D}.Release|x86.ActiveCfg = Release|x86
		{D86FA4E6-AA61-4C8E-8491-20D9553F008D}.Release|x86.Build.0 = Release|x86
	EndGlobalSection
EndGlobal
